// !$*UTF8*$!
{
	archiveVersion = 1;
	classes = {
	};
	objectVersion = 46;
	objects = {

/* Begin PBXBuildFile section */
		79C12F19153A4A6A00620983 /* UIKit.framework in Frameworks */ = {isa = PBXBuildFile; fileRef = 79C12F18153A4A6A00620983 /* UIKit.framework */; };
		79C12F1B153A4A6A00620983 /* Foundation.framework in Frameworks */ = {isa = PBXBuildFile; fileRef = 79C12F1A153A4A6A00620983 /* Foundation.framework */; };
		79C12F1D153A4A6A00620983 /* CoreGraphics.framework in Frameworks */ = {isa = PBXBuildFile; fileRef = 79C12F1C153A4A6A00620983 /* CoreGraphics.framework */; };
		79C12F23153A4A6A00620983 /* InfoPlist.strings in Resources */ = {isa = PBXBuildFile; fileRef = 79C12F21153A4A6A00620983 /* InfoPlist.strings */; };
		79C12F25153A4A6A00620983 /* main.m in Sources */ = {isa = PBXBuildFile; fileRef = 79C12F24153A4A6A00620983 /* main.m */; };
		79C12F29153A4A6A00620983 /* ESAppDelegate.m in Sources */ = {isa = PBXBuildFile; fileRef = 79C12F28153A4A6A00620983 /* ESAppDelegate.m */; };
		79C12F3D153A4DB900620983 /* ESViewController.m in Sources */ = {isa = PBXBuildFile; fileRef = 79C12F3A153A4DB900620983 /* ESViewController.m */; };
		79C12F3E153A4DB900620983 /* UILabel+ESAdjustableLabel.m in Sources */ = {isa = PBXBuildFile; fileRef = 79C12F3C153A4DB900620983 /* UILabel+ESAdjustableLabel.m */; };
		79C12F41153A4DDC00620983 /* ESViewController.xib in Resources */ = {isa = PBXBuildFile; fileRef = 79C12F40153A4DDC00620983 /* ESViewController.xib */; };
		79C12F45153A557E00620983 /* Readme.md in Resources */ = {isa = PBXBuildFile; fileRef = 79C12F44153A557E00620983 /* Readme.md */; };
/* End PBXBuildFile section */

/* Begin PBXFileReference section */
		79C12F14153A4A6A00620983 /* ESAdjustableLabel.app */ = {isa = PBXFileReference; explicitFileType = wrapper.application; includeInIndex = 0; path = ESAdjustableLabel.app; sourceTree = BUILT_PRODUCTS_DIR; };
		79C12F18153A4A6A00620983 /* UIKit.framework */ = {isa = PBXFileReference; lastKnownFileType = wrapper.framework; name = UIKit.framework; path = System/Library/Frameworks/UIKit.framework; sourceTree = SDKROOT; };
		79C12F1A153A4A6A00620983 /* Foundation.framework */ = {isa = PBXFileReference; lastKnownFileType = wrapper.framework; name = Foundation.framework; path = System/Library/Frameworks/Foundation.framework; sourceTree = SDKROOT; };
		79C12F1C153A4A6A00620983 /* CoreGraphics.framework */ = {isa = PBXFileReference; lastKnownFileType = wrapper.framework; name = CoreGraphics.framework; path = System/Library/Frameworks/CoreGraphics.framework; sourceTree = SDKROOT; };
		79C12F20153A4A6A00620983 /* ESAdjustableLabel-Info.plist */ = {isa = PBXFileReference; lastKnownFileType = text.plist.xml; path = "ESAdjustableLabel-Info.plist"; sourceTree = "<group>"; };
		79C12F22153A4A6A00620983 /* en */ = {isa = PBXFileReference; lastKnownFileType = text.plist.strings; name = en; path = en.lproj/InfoPlist.strings; sourceTree = "<group>"; };
		79C12F24153A4A6A00620983 /* main.m */ = {isa = PBXFileReference; lastKnownFileType = sourcecode.c.objc; path = main.m; sourceTree = "<group>"; };
		79C12F26153A4A6A00620983 /* ESAdjustableLabel-Prefix.pch */ = {isa = PBXFileReference; lastKnownFileType = sourcecode.c.h; path = "ESAdjustableLabel-Prefix.pch"; sourceTree = "<group>"; };
		79C12F27153A4A6A00620983 /* ESAppDelegate.h */ = {isa = PBXFileReference; lastKnownFileType = sourcecode.c.h; path = ESAppDelegate.h; sourceTree = "<group>"; };
		79C12F28153A4A6A00620983 /* ESAppDelegate.m */ = {isa = PBXFileReference; lastKnownFileType = sourcecode.c.objc; path = ESAppDelegate.m; sourceTree = "<group>"; };
		79C12F39153A4DB900620983 /* ESViewController.h */ = {isa = PBXFileReference; fileEncoding = 4; lastKnownFileType = sourcecode.c.h; path = ESViewController.h; sourceTree = "<group>"; };
		79C12F3A153A4DB900620983 /* ESViewController.m */ = {isa = PBXFileReference; fileEncoding = 4; lastKnownFileType = sourcecode.c.objc; path = ESViewController.m; sourceTree = "<group>"; };
		79C12F3B153A4DB900620983 /* UILabel+ESAdjustableLabel.h */ = {isa = PBXFileReference; fileEncoding = 4; lastKnownFileType = sourcecode.c.h; path = "UILabel+ESAdjustableLabel.h"; sourceTree = "<group>"; };
		79C12F3C153A4DB900620983 /* UILabel+ESAdjustableLabel.m */ = {isa = PBXFileReference; fileEncoding = 4; lastKnownFileType = sourcecode.c.objc; path = "UILabel+ESAdjustableLabel.m"; sourceTree = "<group>"; };
		79C12F40153A4DDC00620983 /* ESViewController.xib */ = {isa = PBXFileReference; fileEncoding = 4; lastKnownFileType = file.xib; path = ESViewController.xib; sourceTree = "<group>"; };
		79C12F44153A557E00620983 /* Readme.md */ = {isa = PBXFileReference; fileEncoding = 4; lastKnownFileType = text; name = Readme.md; path = ESAdjustableLabel/Readme.md; sourceTree = "<group>"; };
/* End PBXFileReference section */

/* Begin PBXFrameworksBuildPhase section */
		79C12F11153A4A6A00620983 /* Frameworks */ = {
			isa = PBXFrameworksBuildPhase;
			buildActionMask = 2147483647;
			files = (
				79C12F19153A4A6A00620983 /* UIKit.framework in Frameworks */,
				79C12F1B153A4A6A00620983 /* Foundation.framework in Frameworks */,
				79C12F1D153A4A6A00620983 /* CoreGraphics.framework in Frameworks */,
			);
			runOnlyForDeploymentPostprocessing = 0;
		};
/* End PBXFrameworksBuildPhase section */

/* Begin PBXGroup section */
		79C12F09153A4A6A00620983 = {
			isa = PBXGroup;
			children = (
				79C12F44153A557E00620983 /* Readme.md */,
				79C12F1E153A4A6A00620983 /* ESAdjustableLabel */,
				79C12F17153A4A6A00620983 /* Frameworks */,
				79C12F15153A4A6A00620983 /* Products */,
			);
			sourceTree = "<group>";
		};
		79C12F15153A4A6A00620983 /* Products */ = {
			isa = PBXGroup;
			children = (
				79C12F14153A4A6A00620983 /* ESAdjustableLabel.app */,
			);
			name = Products;
			sourceTree = "<group>";
		};
		79C12F17153A4A6A00620983 /* Frameworks */ = {
			isa = PBXGroup;
			children = (
				79C12F18153A4A6A00620983 /* UIKit.framework */,
				79C12F1A153A4A6A00620983 /* Foundation.framework */,
				79C12F1C153A4A6A00620983 /* CoreGraphics.framework */,
			);
			name = Frameworks;
			sourceTree = "<group>";
		};
		79C12F1E153A4A6A00620983 /* ESAdjustableLabel */ = {
			isa = PBXGroup;
			children = (
				79C12F43153A4E2300620983 /* Sample App */,
				79C12F42153A4E0D00620983 /* ESAdjustableLabel Category */,
				79C12F1F153A4A6A00620983 /* Supporting Files */,
			);
			path = ESAdjustableLabel;
			sourceTree = "<group>";
		};
		79C12F1F153A4A6A00620983 /* Supporting Files */ = {
			isa = PBXGroup;
			children = (
				79C12F20153A4A6A00620983 /* ESAdjustableLabel-Info.plist */,
				79C12F21153A4A6A00620983 /* InfoPlist.strings */,
				79C12F24153A4A6A00620983 /* main.m */,
				79C12F26153A4A6A00620983 /* ESAdjustableLabel-Prefix.pch */,
			);
			name = "Supporting Files";
			sourceTree = "<group>";
		};
		79C12F42153A4E0D00620983 /* ESAdjustableLabel Category */ = {
			isa = PBXGroup;
			children = (
				79C12F3B153A4DB900620983 /* UILabel+ESAdjustableLabel.h */,
				79C12F3C153A4DB900620983 /* UILabel+ESAdjustableLabel.m */,
			);
			name = "ESAdjustableLabel Category";
			sourceTree = "<group>";
		};
		79C12F43153A4E2300620983 /* Sample App */ = {
			isa = PBXGroup;
			children = (
				79C12F27153A4A6A00620983 /* ESAppDelegate.h */,
				79C12F28153A4A6A00620983 /* ESAppDelegate.m */,
				79C12F39153A4DB900620983 /* ESViewController.h */,
				79C12F3A153A4DB900620983 /* ESViewController.m */,
				79C12F40153A4DDC00620983 /* ESViewController.xib */,
			);
			name = "Sample App";
			sourceTree = "<group>";
		};
/* End PBXGroup section */

/* Begin PBXNativeTarget section */
		79C12F13153A4A6A00620983 /* ESAdjustableLabel */ = {
			isa = PBXNativeTarget;
			buildConfigurationList = 79C12F32153A4A6A00620983 /* Build configuration list for PBXNativeTarget "ESAdjustableLabel" */;
			buildPhases = (
				79C12F10153A4A6A00620983 /* Sources */,
				79C12F11153A4A6A00620983 /* Frameworks */,
				79C12F12153A4A6A00620983 /* Resources */,
			);
			buildRules = (
			);
			dependencies = (
			);
			name = ESAdjustableLabel;
			productName = ESAdjustableLabel;
			productReference = 79C12F14153A4A6A00620983 /* ESAdjustableLabel.app */;
			productType = "com.apple.product-type.application";
		};
/* End PBXNativeTarget section */

/* Begin PBXProject section */
		79C12F0B153A4A6A00620983 /* Project object */ = {
			isa = PBXProject;
			attributes = {
				LastUpgradeCheck = 0420;
			};
			buildConfigurationList = 79C12F0E153A4A6A00620983 /* Build configuration list for PBXProject "ESAdjustableLabel" */;
			compatibilityVersion = "Xcode 3.2";
			developmentRegion = English;
			hasScannedForEncodings = 0;
			knownRegions = (
				en,
			);
			mainGroup = 79C12F09153A4A6A00620983;
			productRefGroup = 79C12F15153A4A6A00620983 /* Products */;
			projectDirPath = "";
			projectRoot = "";
			targets = (
				79C12F13153A4A6A00620983 /* ESAdjustableLabel */,
			);
		};
/* End PBXProject section */

/* Begin PBXResourcesBuildPhase section */
		79C12F12153A4A6A00620983 /* Resources */ = {
			isa = PBXResourcesBuildPhase;
			buildActionMask = 2147483647;
			files = (
				79C12F23153A4A6A00620983 /* InfoPlist.strings in Resources */,
				79C12F41153A4DDC00620983 /* ESViewController.xib in Resources */,
				79C12F45153A557E00620983 /* Readme.md in Resources */,
			);
			runOnlyForDeploymentPostprocessing = 0;
		};
/* End PBXResourcesBuildPhase section */

/* Begin PBXSourcesBuildPhase section */
		79C12F10153A4A6A00620983 /* Sources */ = {
			isa = PBXSourcesBuildPhase;
			buildActionMask = 2147483647;
			files = (
				79C12F25153A4A6A00620983 /* main.m in Sources */,
				79C12F29153A4A6A00620983 /* ESAppDelegate.m in Sources */,
				79C12F3D153A4DB900620983 /* ESViewController.m in Sources */,
				79C12F3E153A4DB900620983 /* UILabel+ESAdjustableLabel.m in Sources */,
			);
			runOnlyForDeploymentPostprocessing = 0;
		};
/* End PBXSourcesBuildPhase section */

/* Begin PBXVariantGroup section */
		79C12F21153A4A6A00620983 /* InfoPlist.strings */ = {
			isa = PBXVariantGroup;
			children = (
				79C12F22153A4A6A00620983 /* en */,
			);
			name = InfoPlist.strings;
			sourceTree = "<group>";
		};
/* End PBXVariantGroup section */

/* Begin XCBuildConfiguration section */
		79C12F30153A4A6A00620983 /* Debug */ = {
			isa = XCBuildConfiguration;
			buildSettings = {
				ALWAYS_SEARCH_USER_PATHS = NO;
				ARCHS = "$(ARCHS_STANDARD_32_BIT)";
				CLANG_ENABLE_OBJC_ARC = YES;
				"CODE_SIGN_IDENTITY[sdk=iphoneos*]" = "iPhone Developer";
				COPY_PHASE_STRIP = NO;
				GCC_C_LANGUAGE_STANDARD = gnu99;
				GCC_DYNAMIC_NO_PIC = NO;
				GCC_OPTIMIZATION_LEVEL = 0;
				GCC_PREPROCESSOR_DEFINITIONS = (
					"DEBUG=1",
					"$(inherited)",
				);
				GCC_SYMBOLS_PRIVATE_EXTERN = NO;
				GCC_VERSION = com.apple.compilers.llvm.clang.1_0;
				GCC_WARN_ABOUT_MISSING_PROTOTYPES = YES;
				GCC_WARN_ABOUT_RETURN_TYPE = YES;
				GCC_WARN_UNUSED_VARIABLE = YES;
				IPHONEOS_DEPLOYMENT_TARGET = 5.0;
				SDKROOT = iphoneos;
			};
			name = Debug;
		};
		79C12F31153A4A6A00620983 /* Release */ = {
			isa = XCBuildConfiguration;
			buildSettings = {
				ALWAYS_SEARCH_USER_PATHS = NO;
				ARCHS = "$(ARCHS_STANDARD_32_BIT)";
				CLANG_ENABLE_OBJC_ARC = YES;
				"CODE_SIGN_IDENTITY[sdk=iphoneos*]" = "iPhone Developer";
				COPY_PHASE_STRIP = YES;
				GCC_C_LANGUAGE_STANDARD = gnu99;
				GCC_VERSION = com.apple.compilers.llvm.clang.1_0;
				GCC_WARN_ABOUT_MISSING_PROTOTYPES = YES;
				GCC_WARN_ABOUT_RETURN_TYPE = YES;
				GCC_WARN_UNUSED_VARIABLE = YES;
				IPHONEOS_DEPLOYMENT_TARGET = 5.0;
				OTHER_CFLAGS = "-DNS_BLOCK_ASSERTIONS=1";
				SDKROOT = iphoneos;
				VALIDATE_PRODUCT = YES;
			};
			name = Release;
		};
		79C12F33153A4A6A00620983 /* Debug */ = {
			isa = XCBuildConfiguration;
			buildSettings = {
				GCC_PRECOMPILE_PREFIX_HEADER = YES;
				GCC_PREFIX_HEADER = "ESAdjustableLabel/ESAdjustableLabel-Prefix.pch";
				INFOPLIST_FILE = "ESAdjustableLabel/ESAdjustableLabel-Info.plist";
				PRODUCT_NAME = "$(TARGET_NAME)";
				WRAPPER_EXTENSION = app;
			};
			name = Debug;
		};
		79C12F34153A4A6A00620983 /* Release */ = {
			isa = XCBuildConfiguration;
			buildSettings = {
				GCC_PRECOMPILE_PREFIX_HEADER = YES;
				GCC_PREFIX_HEADER = "ESAdjustableLabel/ESAdjustableLabel-Prefix.pch";
				INFOPLIST_FILE = "ESAdjustableLabel/ESAdjustableLabel-Info.plist";
				PRODUCT_NAME = "$(TARGET_NAME)";
				WRAPPER_EXTENSION = app;
			};
			name = Release;
		};
/* End XCBuildConfiguration section */

/* Begin XCConfigurationList section */
		79C12F0E153A4A6A00620983 /* Build configuration list for PBXProject "ESAdjustableLabel" */ = {
			isa = XCConfigurationList;
			buildConfigurations = (
				79C12F30153A4A6A00620983 /* Debug */,
				79C12F31153A4A6A00620983 /* Release */,
			);
			defaultConfigurationIsVisible = 0;
			defaultConfigurationName = Release;
		};
		79C12F32153A4A6A00620983 /* Build configuration list for PBXNativeTarget "ESAdjustableLabel" */ = {
			isa = XCConfigurationList;
			buildConfigurations = (
				79C12F33153A4A6A00620983 /* Debug */,
				79C12F34153A4A6A00620983 /* Release */,
			);
			defaultConfigurationIsVisible = 0;
			defaultConfigurationName = Release;
		};
/* End XCConfigurationList section */
	};
	rootObject = 79C12F0B153A4A6A00620983 /* Project object */;
}
